
Microsoft Visual Studio Solution File, Format Version 12.00
# Visual Studio Version 16
VisualStudioVersion = 16.0.31605.320
MinimumVisualStudioVersion = 10.0.40219.1
Project("{9A19103F-16F7-4668-BE54-9A1E7A4F7556}") = "KsiegarniaOnline", "KsiegarniaOnline\KsiegarniaOnline.csproj", "{1F9AAD11-0310-4B40-8C7F-9FF9C829C3D7}"
EndProject
Project("{9A19103F-16F7-4668-BE54-9A1E7A4F7556}") = "KsiegarniaOnline.DataAccess", "KsiegarniaOnline.DataAccess\KsiegarniaOnline.DataAccess.csproj", "{A1A9BF2E-DE8C-4FAA-BDEB-56E126626088}"
EndProject
Project("{FAE04EC0-301F-11D3-BF4B-00C04F79EFBC}") = "KsiegarniaOnline.ApplicationServices", "KsiegarniaOnline.ApplicationServices\KsiegarniaOnline.ApplicationServices.csproj", "{04FF4355-39E4-41C0-A9AF-8393561DDCD6}"
EndProject
Global
	GlobalSection(SolutionConfigurationPlatforms) = preSolution
		Debug|Any CPU = Debug|Any CPU
		Release|Any CPU = Release|Any CPU
	EndGlobalSection
	GlobalSection(ProjectConfigurationPlatforms) = postSolution
		{1F9AAD11-0310-4B40-8C7F-9FF9C829C3D7}.Debug|Any CPU.ActiveCfg = Debug|Any CPU
		{1F9AAD11-0310-4B40-8C7F-9FF9C829C3D7}.Debug|Any CPU.Build.0 = Debug|Any CPU
		{1F9AAD11-0310-4B40-8C7F-9FF9C829C3D7}.Release|Any CPU.ActiveCfg = Release|Any CPU
		{1F9AAD11-0310-4B40-8C7F-9FF9C829C3D7}.Release|Any CPU.Build.0 = Release|Any CPU
		{A1A9BF2E-DE8C-4FAA-BDEB-56E126626088}.Debug|Any CPU.ActiveCfg = Debug|Any CPU
		{A1A9BF2E-DE8C-4FAA-BDEB-56E126626088}.Debug|Any CPU.Build.0 = Debug|Any CPU
		{A1A9BF2E-DE8C-4FAA-BDEB-56E126626088}.Release|Any CPU.ActiveCfg = Release|Any CPU
		{A1A9BF2E-DE8C-4FAA-BDEB-56E126626088}.Release|Any CPU.Build.0 = Release|Any CPU
		{04FF4355-39E4-41C0-A9AF-8393561DDCD6}.Debug|Any CPU.ActiveCfg = Debug|Any CPU
		{04FF4355-39E4-41C0-A9AF-8393561DDCD6}.Debug|Any CPU.Build.0 = Debug|Any CPU
		{04FF4355-39E4-41C0-A9AF-8393561DDCD6}.Release|Any CPU.ActiveCfg = Release|Any CPU
		{04FF4355-39E4-41C0-A9AF-8393561DDCD6}.Release|Any CPU.Build.0 = Release|Any CPU
	EndGlobalSection
	GlobalSection(SolutionProperties) = preSolution
		HideSolutionNode = FALSE
	EndGlobalSection
	GlobalSection(ExtensibilityGlobals) = postSolution
		SolutionGuid = {395E048C-4AF7-49BB-B02E-102B15F14915}
	EndGlobalSection
EndGlobal
